
Microsoft Visual Studio Solution File, Format Version 12.00
# Visual Studio 15
VisualStudioVersion = 15.0.28307.106
MinimumVisualStudioVersion = 10.0.40219.1
Project("{00D1A9C2-B5F0-4AF3-8072-F6C62B433612}") = "SwinnyLibraryDB", "SwinnyLibraryDB\SwinnyLibraryDB.sqlproj", "{1E8E27F1-8D51-49B4-B4DE-B00C1A9C3AA9}"
EndProject
Project("{FAE04EC0-301F-11D3-BF4B-00C04F79EFBC}") = "LibraryAPI", "LibraryAPI\LibraryAPI.csproj", "{51804191-21A1-4C8B-88A9-924F9F2D9E48}"
EndProject
Global
	GlobalSection(SolutionConfigurationPlatforms) = preSolution
		Debug|Any CPU = Debug|Any CPU
		Release|Any CPU = Release|Any CPU
	EndGlobalSection
	GlobalSection(ProjectConfigurationPlatforms) = postSolution
		{1E8E27F1-8D51-49B4-B4DE-B00C1A9C3AA9}.Debug|Any CPU.ActiveCfg = Debug|Any CPU
		{1E8E27F1-8D51-49B4-B4DE-B00C1A9C3AA9}.Debug|Any CPU.Build.0 = Debug|Any CPU
		{1E8E27F1-8D51-49B4-B4DE-B00C1A9C3AA9}.Debug|Any CPU.Deploy.0 = Debug|Any CPU
		{1E8E27F1-8D51-49B4-B4DE-B00C1A9C3AA9}.Release|Any CPU.ActiveCfg = Release|Any CPU
		{1E8E27F1-8D51-49B4-B4DE-B00C1A9C3AA9}.Release|Any CPU.Build.0 = Release|Any CPU
		{1E8E27F1-8D51-49B4-B4DE-B00C1A9C3AA9}.Release|Any CPU.Deploy.0 = Release|Any CPU
		{51804191-21A1-4C8B-88A9-924F9F2D9E48}.Debug|Any CPU.ActiveCfg = Debug|Any CPU
		{51804191-21A1-4C8B-88A9-924F9F2D9E48}.Debug|Any CPU.Build.0 = Debug|Any CPU
		{51804191-21A1-4C8B-88A9-924F9F2D9E48}.Release|Any CPU.ActiveCfg = Release|Any CPU
		{51804191-21A1-4C8B-88A9-924F9F2D9E48}.Release|Any CPU.Build.0 = Release|Any CPU
	EndGlobalSection
	GlobalSection(SolutionProperties) = preSolution
		HideSolutionNode = FALSE
	EndGlobalSection
	GlobalSection(ExtensibilityGlobals) = postSolution
		SolutionGuid = {F14A5A32-E63B-46F6-BF11-E25D2A4CA3D4}
	EndGlobalSection
EndGlobal
